schema: '2.0'
stages:
  preprocess:
    cmd: python src/convert_brats_slices.py
    deps:
    - path: raw_data
      hash: md5
      md5: c5c4bf5c732fa4e6e758c7969718ac52.dir
      size: 13389537553
      nfiles: 6255
    - path: src/convert_brats_slices.py
      hash: md5
      md5: 21736c2ddb676f1985a2b2e00dd6352f
      size: 6371
    outs:
    - path: logs
      hash: md5
      md5: fb327801bd2238d7e2a2fd4bbdcd2502.dir
      size: 203556
      nfiles: 1
    - path: processed_data
      hash: md5
      md5: 3517a7e07d8576a843ed4d36dfd2ded4.dir
      size: 47801008640
      nfiles: 127630
  train:
    cmd: PYTHONPATH=. python3.11 src/Model_seg.py
    deps:
    - path: params.yaml
      hash: md5
      md5: ae96f642c62a09e5382f4c07e85aa8fc
      size: 143
      isexec: true
    - path: processed_data/
      hash: md5
      md5: 17c8ffec78bf6cc1361f10f112dad6cc.dir
      size: 7072547328
      nfiles: 12276
    - path: src/Model_seg.py
      hash: md5
      md5: bb8817eb1acf9261a0f869a6dc32f0f0
      size: 6036
      isexec: true
    - path: src/data.py
      hash: md5
      md5: 850b68cc316cc4f9d057e89fe3fe4216
      size: 3678
      isexec: true
    - path: src/losses.py
      hash: md5
      md5: 6a1876e92f631639423cdec67a80dc3b
      size: 7909
      isexec: true
    params:
      params.yaml:
        model_seg:
          IMG_SIZE:
          - 240
          - 240
          INPUT_CHANNELS: 4
          NUM_CLASSES: 4
          LEARNING_RATE: 0.0001
          EPOCHS: 70
          BATCH_SIZE: 4
    outs:
    - path: checkpoints/seg_best.h5
      hash: md5
      md5: cf283626ca80360d9f84d7a2c695f2d4
      size: 23710208
  evaluate:
    cmd: PYTHONPATH=. python3.11 src/model_evaluation.py
    deps:
    - path: checkpoints/seg_best.h5
      hash: md5
      md5: cf283626ca80360d9f84d7a2c695f2d4
      size: 23710208
    - path: processed_data/
      hash: md5
      md5: 17c8ffec78bf6cc1361f10f112dad6cc.dir
      size: 7072547328
      nfiles: 12276
    - path: src/data.py
      hash: md5
      md5: 850b68cc316cc4f9d057e89fe3fe4216
      size: 3678
      isexec: true
    - path: src/losses.py
      hash: md5
      md5: 6a1876e92f631639423cdec67a80dc3b
      size: 7909
      isexec: true
    - path: src/model_evaluation.py
      hash: md5
      md5: 9f90108f6b3677e8c85657debac4e97a
      size: 2787
      isexec: true
    outs:
    - path: test_metrics.json
      hash: md5
      md5: 0b2df94ab2b3b510930d2eee7f6ec1d8
      size: 138
  inference:
    cmd: PYTHONPATH=. python3.11 src/predict_and_stack.py
    deps:
    - path: checkpoints/seg_best.h5
      hash: md5
      md5: cf283626ca80360d9f84d7a2c695f2d4
      size: 23710208
    - path: processed_data/Test_data/
      hash: md5
      md5: 1532e1432e5bb1fbacbda79358b9eafd.dir
      size: 732834816
      nfiles: 1272
    - path: src/predict_and_stack.py
      hash: md5
      md5: ee79ce6208ccf12c5b2f649ad0e7cb20
      size: 5681
      isexec: true
    outs:
    - path: predictions_3d/
      hash: md5
      md5: 4eb791ce6442e33b5ed8e4233f693a50.dir
      size: 879208960
      nfiles: 20
  export_nifti:
    cmd: python3.11 src/export_nifti.py
    deps:
    - path: predictions_3d/
      hash: md5
      md5: 4eb791ce6442e33b5ed8e4233f693a50.dir
      size: 879208960
      nfiles: 20
    - path: src/export_nifti.py
      hash: md5
      md5: 95875422ca032516b8be85de0be67d80
      size: 961
      isexec: true
    outs:
    - path: nifti_outputs/
      hash: md5
      md5: 1157379ada9c13247bcad844b36e91f2.dir
      size: 1730932
      nfiles: 20
  visualize:
    cmd: python3.11 src/render_3d.py
    deps:
    - path: predictions_3d/
      hash: md5
      md5: 4eb791ce6442e33b5ed8e4233f693a50.dir
      size: 879208960
      nfiles: 20
    - path: src/render_3d.py
      hash: md5
      md5: b8474a37ee645363a38581de52cc2206
      size: 15081
      isexec: true
    params:
      params.yaml:
        model_seg.IMG_SIZE:
        - 240
        - 240
    outs:
    - path: visualizations/
      hash: md5
      md5: f80ba4b308d0447f1318273148f01648.dir
      size: 1549071284
      nfiles: 2802
